
Microsoft Visual Studio Solution File, Format Version 12.00
# Visual Studio Version 17
VisualStudioVersion = 17.6.33829.357
MinimumVisualStudioVersion = 10.0.40219.1
Project("{FAE04EC0-301F-11D3-BF4B-00C04F79EFBC}") = "1. Basic Stack Operations", "1. Basic Stack Operations\1. Basic Stack Operations.csproj", "{F610658A-915F-4A7D-B6F1-4F4A13309159}"
EndProject
Global
	GlobalSection(SolutionConfigurationPlatforms) = preSolution
		Debug|Any CPU = Debug|Any CPU
		Release|Any CPU = Release|Any CPU
	EndGlobalSection
	GlobalSection(ProjectConfigurationPlatforms) = postSolution
		{F610658A-915F-4A7D-B6F1-4F4A13309159}.Debug|Any CPU.ActiveCfg = Debug|Any CPU
		{F610658A-915F-4A7D-B6F1-4F4A13309159}.Debug|Any CPU.Build.0 = Debug|Any CPU
		{F610658A-915F-4A7D-B6F1-4F4A13309159}.Release|Any CPU.ActiveCfg = Release|Any CPU
		{F610658A-915F-4A7D-B6F1-4F4A13309159}.Release|Any CPU.Build.0 = Release|Any CPU
	EndGlobalSection
	GlobalSection(SolutionProperties) = preSolution
		HideSolutionNode = FALSE
	EndGlobalSection
	GlobalSection(ExtensibilityGlobals) = postSolution
		SolutionGuid = {C9826BC2-A09C-45FB-BF80-1E709DE45358}
	EndGlobalSection
EndGlobal
